
Microsoft Visual Studio Solution File, Format Version 12.00
# Visual Studio Version 17
VisualStudioVersion = 17.11.35327.3
MinimumVisualStudioVersion = 10.0.40219.1
Project("{FAE04EC0-301F-11D3-BF4B-00C04F79EFBC}") = "Simulator", "Simulator\Simulator.csproj", "{F2F79EB1-C56B-48D8-ACDA-6E836567DCEE}"
EndProject
Global
	GlobalSection(SolutionConfigurationPlatforms) = preSolution
		Debug|Any CPU = Debug|Any CPU
		Release|Any CPU = Release|Any CPU
	EndGlobalSection
	GlobalSection(ProjectConfigurationPlatforms) = postSolution
		{F2F79EB1-C56B-48D8-ACDA-6E836567DCEE}.Debug|Any CPU.ActiveCfg = Debug|Any CPU
		{F2F79EB1-C56B-48D8-ACDA-6E836567DCEE}.Debug|Any CPU.Build.0 = Debug|Any CPU
		{F2F79EB1-C56B-48D8-ACDA-6E836567DCEE}.Release|Any CPU.ActiveCfg = Release|Any CPU
		{F2F79EB1-C56B-48D8-ACDA-6E836567DCEE}.Release|Any CPU.Build.0 = Release|Any CPU
	EndGlobalSection
	GlobalSection(SolutionProperties) = preSolution
		HideSolutionNode = FALSE
	EndGlobalSection
	GlobalSection(ExtensibilityGlobals) = postSolution
		SolutionGuid = {C5E0BCD8-210D-4B5C-804B-92E786E7EECC}
	EndGlobalSection
EndGlobal
